
Microsoft Visual Studio Solution File, Format Version 12.00
# Visual Studio Version 16
VisualStudioVersion = 16.0.31515.178
MinimumVisualStudioVersion = 10.0.40219.1
Project("{FAE04EC0-301F-11D3-BF4B-00C04F79EFBC}") = "MasterService.Api", "MasterService.Api\MasterService.Api.csproj", "{6AB3E8B3-C535-4F85-82FA-B5DA3BDFE52D}"
EndProject
Global
	GlobalSection(SolutionConfigurationPlatforms) = preSolution
		Debug|Any CPU = Debug|Any CPU
		Release|Any CPU = Release|Any CPU
	EndGlobalSection
	GlobalSection(ProjectConfigurationPlatforms) = postSolution
		{6AB3E8B3-C535-4F85-82FA-B5DA3BDFE52D}.Debug|Any CPU.ActiveCfg = Debug|Any CPU
		{6AB3E8B3-C535-4F85-82FA-B5DA3BDFE52D}.Debug|Any CPU.Build.0 = Debug|Any CPU
		{6AB3E8B3-C535-4F85-82FA-B5DA3BDFE52D}.Release|Any CPU.ActiveCfg = Release|Any CPU
		{6AB3E8B3-C535-4F85-82FA-B5DA3BDFE52D}.Release|Any CPU.Build.0 = Release|Any CPU
	EndGlobalSection
	GlobalSection(SolutionProperties) = preSolution
		HideSolutionNode = FALSE
	EndGlobalSection
	GlobalSection(ExtensibilityGlobals) = postSolution
		SolutionGuid = {FB05B622-D0C8-44A9-99AC-0E69AB30F1FC}
	EndGlobalSection
EndGlobal
